
Microsoft Visual Studio Solution File, Format Version 12.00
# Visual Studio Version 16
VisualStudioVersion = 16.0.30114.105
MinimumVisualStudioVersion = 10.0.40219.1
Project("{9A19103F-16F7-4668-BE54-9A1E7A4F7556}") = "FluentEnsure", "FluentEnsure\FluentEnsure.csproj", "{4ACE5C94-BD38-44F6-BBB8-EF0CF239CC45}"
EndProject
Project("{9A19103F-16F7-4668-BE54-9A1E7A4F7556}") = "FluentEnsure.UnitTests", "FluentEnsure.UnitTests\FluentEnsure.UnitTests.csproj", "{232FD287-54EF-4770-BE2C-FB5F847E2063}"
EndProject
Project("{2150E333-8FDC-42A3-9474-1A3956D46DE8}") = "Solution Items", "Solution Items", "{98B3F235-4148-41F0-B8A7-82D130E91E52}"
	ProjectSection(SolutionItems) = preProject
		..\.gitignore = ..\.gitignore
		..\README.md = ..\README.md
		..\.github\workflows\test.yml = ..\.github\workflows\test.yml
	EndProjectSection
EndProject
Global
	GlobalSection(SolutionConfigurationPlatforms) = preSolution
		Debug|Any CPU = Debug|Any CPU
		Release|Any CPU = Release|Any CPU
	EndGlobalSection
	GlobalSection(ProjectConfigurationPlatforms) = postSolution
		{4ACE5C94-BD38-44F6-BBB8-EF0CF239CC45}.Debug|Any CPU.ActiveCfg = Debug|Any CPU
		{4ACE5C94-BD38-44F6-BBB8-EF0CF239CC45}.Debug|Any CPU.Build.0 = Debug|Any CPU
		{4ACE5C94-BD38-44F6-BBB8-EF0CF239CC45}.Release|Any CPU.ActiveCfg = Release|Any CPU
		{4ACE5C94-BD38-44F6-BBB8-EF0CF239CC45}.Release|Any CPU.Build.0 = Release|Any CPU
		{232FD287-54EF-4770-BE2C-FB5F847E2063}.Debug|Any CPU.ActiveCfg = Debug|Any CPU
		{232FD287-54EF-4770-BE2C-FB5F847E2063}.Debug|Any CPU.Build.0 = Debug|Any CPU
		{232FD287-54EF-4770-BE2C-FB5F847E2063}.Release|Any CPU.ActiveCfg = Release|Any CPU
		{232FD287-54EF-4770-BE2C-FB5F847E2063}.Release|Any CPU.Build.0 = Release|Any CPU
	EndGlobalSection
	GlobalSection(SolutionProperties) = preSolution
		HideSolutionNode = FALSE
	EndGlobalSection
	GlobalSection(ExtensibilityGlobals) = postSolution
		SolutionGuid = {C6ABF699-C4F8-4FE3-96FE-C503154E6619}
	EndGlobalSection
EndGlobal
